# Generated by conda-lock.
# platform: linux-64
# input_hash: 9e7852f118b707437ad89537194fe1124dedc8bcfa23f7f84b2f67a8e30f74f8
@EXPLICIT
https://conda.anaconda.org/conda-forge/linux-64/_libgcc_mutex-0.1-conda_forge.tar.bz2#d7c89558ba9fa0495403155b64376d81
https://repo.anaconda.com/pkgs/main/linux-64/blas-1.0-openblas.conda#9ddfcaef10d79366c90128f5dc444be8
https://repo.anaconda.com/pkgs/main/linux-64/ca-certificates-2024.3.11-h06a4308_0.conda#08529eb3504712baabcbda266a19feb7
https://repo.anaconda.com/pkgs/main/linux-64/ld_impl_linux-64-2.38-h1181459_1.conda#68eedfd9c06f2b0e6888d8db345b7f5b
https://repo.anaconda.com/pkgs/main/linux-64/libgfortran5-11.2.0-h1234567_1.conda#36a01a8c30e0cadf0d3e842c50b73f3b
https://conda.anaconda.org/conda-forge/linux-64/libstdcxx-ng-13.2.0-h95c4c6d_6.conda#3cfab3e709f77e9f1b3d380eb622494a
https://repo.anaconda.com/pkgs/main/noarch/pybind11-abi-4-hd3eb1b0_1.conda#4e440592a9fb70c880b74621aee6c967
https://repo.anaconda.com/pkgs/main/noarch/tzdata-2024a-h04d1e81_0.conda#452af53adae0a5b06eb5d05c707b2f25
https://repo.anaconda.com/pkgs/main/linux-64/libgfortran-ng-11.2.0-h00389a5_1.conda#7429b67ab7b1d7cb99b9d1f3ddaec6e3
https://conda.anaconda.org/conda-forge/linux-64/libgomp-13.2.0-hc881cc4_6.conda#aae89d3736661c36a5591788aebd0817
https://conda.anaconda.org/conda-forge/linux-64/_openmp_mutex-4.5-2_gnu.tar.bz2#73aaf86a425cc6e73fcf236a5a46396d
https://conda.anaconda.org/conda-forge/linux-64/libgcc-ng-13.2.0-hc881cc4_6.conda#df88796bd09a0d2ed292e59101478ad8
https://repo.anaconda.com/pkgs/main/linux-64/bzip2-1.0.8-h5eee18b_5.conda#9c8dec113089c4aca7392c6a3864f505
https://conda.anaconda.org/conda-forge/linux-64/c-ares-1.28.1-hd590300_0.conda#dcde58ff9a1f30b0037a2315d1846d1f
https://repo.anaconda.com/pkgs/main/linux-64/expat-2.6.2-h6a678d5_0.conda#55049db2772dae035f6b8a95f72b5970
https://conda.anaconda.org/conda-forge/linux-64/fmt-10.2.1-h00ab1b0_0.conda#35ef8bc24bd34074ebae3c943d551728
https://conda.anaconda.org/conda-forge/linux-64/icu-73.2-h59595ed_0.conda#cc47e1facc155f91abd89b11e48e72ff
https://conda.anaconda.org/conda-forge/linux-64/keyutils-1.6.1-h166bdaf_0.tar.bz2#30186d27e2c9fa62b45fb1476b7200e3
https://repo.anaconda.com/pkgs/main/linux-64/libev-4.33-h7f8727e_1.conda#5065620db4393fb549f30114a33897d1
https://repo.anaconda.com/pkgs/main/linux-64/libffi-3.4.4-h6a678d5_0.conda#06e288f9250abef59b9a367d151fc339
https://conda.anaconda.org/conda-forge/linux-64/libiconv-1.17-hd590300_2.conda#d66573916ffcf376178462f1b61c941e
https://repo.anaconda.com/pkgs/main/linux-64/libopenblas-0.3.21-h043d6bf_0.conda#7f7324dcc3c4761a14f3e4ac443235a7
https://repo.anaconda.com/pkgs/main/linux-64/libuuid-1.41.5-h5eee18b_0.conda#4a6a2354414c9080327274aa514e5299
https://conda.anaconda.org/conda-forge/linux-64/libzlib-1.2.13-hd590300_5.conda#f36c115f1ee199da648e0597ec2047ad
https://repo.anaconda.com/pkgs/main/linux-64/lz4-c-1.9.4-h6a678d5_0.conda#53915e9402180a7f22ea619c41089520
https://repo.anaconda.com/pkgs/main/linux-64/lzo-2.10-h7b6447c_2.conda#65722a7644f424de73fea6e87edd7653
https://repo.anaconda.com/pkgs/main/linux-64/ncurses-6.4-h6a678d5_0.conda#5558eec6e2191741a92f832ea826251c
https://conda.anaconda.org/conda-forge/linux-64/openssl-3.2.1-hd590300_1.conda#9d731343cff6ee2e5a25c4a091bf8e2a
https://repo.anaconda.com/pkgs/main/linux-64/reproc-14.2.4-h295c915_1.conda#d37ab699a3061cca9958f0a10399019f
https://repo.anaconda.com/pkgs/main/linux-64/xz-5.4.6-h5eee18b_0.conda#81a9916f581d4da15a3839216a487c66
https://repo.anaconda.com/pkgs/main/linux-64/yaml-cpp-0.8.0-h6a678d5_0.conda#8a9da2caf30ff77386a7b11ac2fdf498
https://repo.anaconda.com/pkgs/main/linux-64/libedit-3.1.20230828-h5eee18b_0.conda#850eb5a9d2d7d3c66cce12e84406ca08
https://conda.anaconda.org/conda-forge/linux-64/libnghttp2-1.58.0-h47da74e_1.conda#700ac6ea6d53d5510591c4344d5c989a
https://conda.anaconda.org/conda-forge/linux-64/libssh2-1.11.0-h0841786_0.conda#1f5a58e686b13bcfde88b93f547d23fe
https://conda.anaconda.org/conda-forge/linux-64/libxml2-2.12.6-h232c23b_2.conda#9a3a42df8a95f65334dfc7b80da1195d
https://repo.anaconda.com/pkgs/main/linux-64/readline-8.2-h5eee18b_0.conda#be42180685cce6e6b0329201d9f48efb
https://repo.anaconda.com/pkgs/main/linux-64/reproc-cpp-14.2.4-h295c915_1.conda#740e5ba0474526bb866d44b66bb9243b
https://conda.anaconda.org/conda-forge/linux-64/zlib-1.2.13-hd590300_5.conda#68c34ec6149623be41a1933ab996a209
https://conda.anaconda.org/conda-forge/linux-64/krb5-1.21.2-h659d440_0.conda#cd95826dbd331ed1be26bdf401432844
https://repo.anaconda.com/pkgs/main/linux-64/pcre2-10.42-hebb0a14_0.conda#fca6dea6ce1eddd0876a024f62c5097a
https://repo.anaconda.com/pkgs/main/linux-64/sqlite-3.41.2-h5eee18b_0.conda#c7086c9ceb6cfe1c4c729a774a2d88a5
https://repo.anaconda.com/pkgs/main/linux-64/tk-8.6.12-h1ccaba5_0.conda#fa10ff4aa631fa4aa090a6234d7770b9
https://repo.anaconda.com/pkgs/main/linux-64/zstd-1.5.5-hc292b87_0.conda#0f59d57dc21f585f4c282d60dfb46505
https://conda.anaconda.org/conda-forge/linux-64/libarchive-3.7.2-h2aa1ff5_1.conda#3bf887827d1968275978361a6e405e4f
https://conda.anaconda.org/conda-forge/linux-64/libcurl-8.7.1-hca28451_0.conda#755c7f876815003337d2c61ff5d047e5
https://repo.anaconda.com/pkgs/main/linux-64/libglib-2.78.4-hdc74915_0.conda#2f6d27741e931d5b6ba56e1a1312aaf0
https://repo.anaconda.com/pkgs/main/linux-64/libsolv-0.7.24-he621ea3_0.conda#a4897b23ef9061b4da80e28aa20d5964
https://repo.anaconda.com/pkgs/main/linux-64/python-3.10.14-h955ad1f_0.conda#e8851a86e9313454f34c3d25708a1d13
https://repo.anaconda.com/pkgs/main/noarch/archspec-0.2.3-pyhd3eb1b0_0.conda#13d01ee2d343d8539bb47055a6c0b5b2
https://repo.anaconda.com/pkgs/main/linux-64/boltons-23.0.0-py310h06a4308_0.conda#69248b87edfba6b1abba3a25e6cfd992
https://repo.anaconda.com/pkgs/main/linux-64/brotli-python-1.0.9-py310h6a678d5_7.conda#a3301b37d90d92a449832850ad20bbc8
https://repo.anaconda.com/pkgs/main/linux-64/certifi-2024.2.2-py310h06a4308_0.conda#1772fa4f0cc9fcbeeea6173b50a59ca2
https://repo.anaconda.com/pkgs/main/noarch/charset-normalizer-2.0.4-pyhd3eb1b0_0.conda#e7a441d94234b2b5fafee06e25dbf076
https://repo.anaconda.com/pkgs/main/linux-64/colorama-0.4.6-py310h06a4308_0.conda#7af8aba349d231595e84a92b6eede917
https://repo.anaconda.com/pkgs/main/linux-64/crashtest-0.4.1-py310h06a4308_0.conda#d7d5cb306b89fa72964c9ccde1062f9f
https://conda.anaconda.org/conda-forge/noarch/distlib-0.3.8-pyhd8ed1ab_0.conda#db16c66b759a64dc5183d69cc3745a52
https://repo.anaconda.com/pkgs/main/linux-64/distro-1.8.0-py310h06a4308_0.conda#dc0fd8b8540a0ed4593433dee7382194
https://repo.anaconda.com/pkgs/main/linux-64/filelock-3.13.1-py310h06a4308_0.conda#b0ea92b64435f35302a514d46d035510
https://repo.anaconda.com/pkgs/main/linux-64/glib-tools-2.78.4-h6a678d5_0.conda#3dbe6227cd59818dca9afb75ccb70708
https://repo.anaconda.com/pkgs/main/linux-64/idna-3.4-py310h06a4308_0.conda#7f4dba8f7c37983e0d56fad719c94ba3
https://repo.anaconda.com/pkgs/main/noarch/jeepney-0.7.1-pyhd3eb1b0_0.conda#f115ef0af90b59f35ef56743955979a4
https://repo.anaconda.com/pkgs/main/noarch/jsonpointer-2.1-pyhd3eb1b0_0.conda#298ff809e733cb04366e4e629c65aa8d
https://conda.anaconda.org/conda-forge/linux-64/libmamba-1.5.8-had39da4_0.conda#def669885dc103d8acb7ac2ac35e0b2f
https://repo.anaconda.com/pkgs/main/linux-64/menuinst-2.0.2-py310h06a4308_0.conda#7d9dc3b622ac1d172cd7a79f3643759a
https://repo.anaconda.com/pkgs/main/linux-64/more-itertools-10.1.0-py310h06a4308_0.conda#570f3be066cae25d36bf110ae4216d28
https://repo.anaconda.com/pkgs/main/linux-64/msgpack-python-1.0.3-py310hd09550d_0.conda#29f619b42b5cc825ef32765c16b28b7e
https://repo.anaconda.com/pkgs/main/linux-64/numpy-base-1.26.4-py310h8a23956_0.conda#b5755df45fa744fb54dabf5bd65c3e34
https://repo.anaconda.com/pkgs/main/linux-64/packaging-23.2-py310h06a4308_0.conda#1fa2e0dc5d5ffe12ccacb90edf776efa
https://repo.anaconda.com/pkgs/main/linux-64/pkginfo-1.9.6-py310h06a4308_0.conda#dbfdb06321633a65799fa8fb599dac10
https://repo.anaconda.com/pkgs/main/linux-64/platformdirs-3.10.0-py310h06a4308_0.conda#e75261f061adb0fcb519c8b842789132
https://repo.anaconda.com/pkgs/main/linux-64/pluggy-1.0.0-py310h06a4308_1.conda#2b96380162a84640a34ede74691658db
https://conda.anaconda.org/conda-forge/noarch/poetry-core-1.9.0-pyhd8ed1ab_0.conda#f9f26b837a81a128648353803950929e
https://repo.anaconda.com/pkgs/main/noarch/ptyprocess-0.7.0-pyhd3eb1b0_2.conda#7441d2827d4bfbcc1fa308875a146246
https://repo.anaconda.com/pkgs/main/linux-64/pycosat-0.6.6-py310h5eee18b_0.conda#7030d1e4e999a42c1627c16f1b7d00da
https://repo.anaconda.com/pkgs/main/noarch/pycparser-2.21-pyhd3eb1b0_0.conda#135a72ff2a31150a3a3ff0b1edd41ca9
https://repo.anaconda.com/pkgs/main/linux-64/pysocks-1.7.1-py310h06a4308_0.conda#b0753810caadcd4a550c833f87fb3866
https://conda.anaconda.org/conda-forge/noarch/python-fastjsonschema-2.19.1-pyhd8ed1ab_0.conda#4d3ceee3af4b0f9a1f48f57176bf8625
https://repo.anaconda.com/pkgs/main/linux-64/python-installer-0.7.0-py310h06a4308_0.conda#cbee9157cc876fda92f9ee8ace135cf8
https://conda.anaconda.org/conda-forge/linux-64/python_abi-3.10-2_cp310.tar.bz2#9e7160cd0d865e98f6803f1fe15c8b61
https://repo.anaconda.com/pkgs/main/linux-64/ruamel.yaml.clib-0.2.6-py310h5eee18b_1.conda#49a45b52b0edcddab287912fc9cf5304
https://repo.anaconda.com/pkgs/main/linux-64/setuptools-68.2.2-py310h06a4308_0.conda#0368a6c4637ee1c08a81285e872ea424
https://repo.anaconda.com/pkgs/main/linux-64/shellingham-1.5.0-py310h06a4308_0.conda#bc1ee3249086c74f8e57dad73557005a
https://repo.anaconda.com/pkgs/main/linux-64/tomli-2.0.1-py310h06a4308_0.conda#16e032c58fc284838f0e0b42f03d5a1d
https://conda.anaconda.org/conda-forge/noarch/tomlkit-0.12.4-pyha770c72_0.conda#37c47ea93ef00dd80d880fc4ba21256a
https://repo.anaconda.com/pkgs/main/linux-64/tqdm-4.65.0-py310h2f386ee_0.conda#37f2f147d26d1cc490adf72eea75f7f9
https://repo.anaconda.com/pkgs/main/linux-64/trove-classifiers-2023.10.18-py310h06a4308_0.conda#157b135e8e5d175f2c458c6d285aef2c
https://repo.anaconda.com/pkgs/main/linux-64/truststore-0.8.0-py310h06a4308_0.conda#2ea1b21eda18b85fc82644ec459ac009
https://repo.anaconda.com/pkgs/main/linux-64/wheel-0.41.2-py310h06a4308_0.conda#96f71f9990496123cc3f6468b6fa54ee
https://repo.anaconda.com/pkgs/main/linux-64/zipp-3.17.0-py310h06a4308_0.conda#05ae9726a523e3c54852cbf87e2e202e
https://repo.anaconda.com/pkgs/main/linux-64/cffi-1.16.0-py310h5eee18b_0.conda#4f223e69b7165f7a1e96a1053245e17f
https://repo.anaconda.com/pkgs/main/linux-64/glib-2.78.4-h6a678d5_0.conda#045ff487547f7b2b7ff01648681b8ebe
https://repo.anaconda.com/pkgs/main/linux-64/importlib-metadata-7.0.1-py310h06a4308_0.conda#5c2007a924f9ab672b2beaf117af0852
https://repo.anaconda.com/pkgs/main/noarch/jaraco.classes-3.2.1-pyhd3eb1b0_0.conda#7f47c66b55e92b2724174847703df72f
https://repo.anaconda.com/pkgs/main/linux-64/jsonpatch-1.33-py310h06a4308_0.conda#0b6ab42bad5c06a701c57621d708425f
https://conda.anaconda.org/conda-forge/linux-64/libmambapy-1.5.8-py310h39ff949_0.conda#37f8aa15b73c4691eeec15caf45aab25
https://repo.anaconda.com/pkgs/main/linux-64/numpy-1.26.4-py310heeff2f4_0.conda#803b5974704a0f79d0f56eb590557ff7
https://repo.anaconda.com/pkgs/main/noarch/pexpect-4.8.0-pyhd3eb1b0_3.conda#765b2562d6cdd14bb6d44fc170a04331
https://repo.anaconda.com/pkgs/main/linux-64/pip-23.3.1-py310h06a4308_0.conda#c46e4a88ac48c2c1cfaa05a6742d588f
https://repo.anaconda.com/pkgs/main/linux-64/pyproject_hooks-1.0.0-py310h06a4308_0.conda#56a9caf8474b40aa2949ff4923787afe
https://repo.anaconda.com/pkgs/main/linux-64/ruamel.yaml-0.17.21-py310h5eee18b_0.conda#0a54e321078e043b72b6f68d10472b62
https://repo.anaconda.com/pkgs/main/linux-64/urllib3-2.1.0-py310h06a4308_1.conda#23a7715a9648e631e407a33eabe2896a
https://conda.anaconda.org/conda-forge/noarch/virtualenv-20.26.0-pyhd8ed1ab_0.conda#7d2bc38bd1777c86cc345e510735d9ff
https://repo.anaconda.com/pkgs/main/linux-64/cryptography-42.0.5-py310hdda0065_0.conda#cb5f235254a97e74593eeef0980be2b9
https://repo.anaconda.com/pkgs/main/linux-64/dbus-1.13.18-hb2f20db_0.conda#6a6a6f1391f807847404344489ef6cf4
https://repo.anaconda.com/pkgs/main/linux-64/dulwich-0.21.3-py310h5eee18b_0.conda#43ceab9011dae89b14cee64340ca321f
https://repo.anaconda.com/pkgs/main/noarch/importlib_metadata-7.0.1-hd3eb1b0_0.conda#f764ec5ca8c8f808464764c83be0ead4
https://conda.anaconda.org/conda-forge/noarch/python-build-1.2.1-pyhd8ed1ab_0.conda#d657cde3b3943fcedf6038138eea84de
https://repo.anaconda.com/pkgs/main/linux-64/rapidfuzz-3.5.2-py310h6a678d5_0.conda#9140f00f9fb9b8ad8ac555e6503cc3d6
https://repo.anaconda.com/pkgs/main/linux-64/requests-2.31.0-py310h06a4308_1.conda#f102cb0c2f4c8de6f81c10e7003fd541
https://repo.anaconda.com/pkgs/main/linux-64/zstandard-0.19.0-py310h5eee18b_0.conda#91ffd92050e57ada4c065435845010c2
https://repo.anaconda.com/pkgs/main/linux-64/cachecontrol-0.14.0-py310h06a4308_1.conda#71bcb10fd63aac039a7a05f87ef76d00
https://repo.anaconda.com/pkgs/main/linux-64/cleo-2.1.0-py310h06a4308_0.conda#d34e647cb9c7e973beabe0596bdbaf73
https://repo.anaconda.com/pkgs/main/linux-64/conda-package-streaming-0.9.0-py310h06a4308_0.conda#39fbf5022a1141c1ee39aa4e9985d186
https://repo.anaconda.com/pkgs/main/linux-64/requests-toolbelt-1.0.0-py310h06a4308_0.conda#6b22af4315da9735f14d572a37886c09
https://repo.anaconda.com/pkgs/main/linux-64/secretstorage-3.3.1-py310h06a4308_1.conda#c2180530067e077ecaff4d488fa3e0dc
https://repo.anaconda.com/pkgs/main/linux-64/cachecontrol-with-filecache-0.14.0-py310h06a4308_1.conda#91e718ac453d461919ce654ccddad439
https://repo.anaconda.com/pkgs/main/linux-64/conda-package-handling-2.2.0-py310h06a4308_0.conda#bd6e36c3f20ec3ffb96350769933903c
https://repo.anaconda.com/pkgs/main/linux-64/keyring-24.3.1-py310h06a4308_0.conda#44932698f14cd0efde9b52280dece512
https://repo.anaconda.com/pkgs/main/linux-64/conda-24.3.0-py310h06a4308_0.conda#d8b9f6bbacc3bc684210c44fb472eb49
https://repo.anaconda.com/pkgs/main/noarch/conda-libmamba-solver-24.1.0-pyhd3eb1b0_0.conda#dc2133d8923c982939c6ab9a63a7d39b
https://conda.anaconda.org/conda-forge/linux-64/mamba-1.5.8-py310h51d5547_0.conda#3b335eaa4894cbb5379a75f83a4d6b40
https://conda.anaconda.org/conda-forge/noarch/poetry-1.8.2-linux_pyha804496_0.conda#7ced2e0d172efd9b108b1fed18e4bea6
https://conda.anaconda.org/conda-forge/noarch/poetry-plugin-export-1.7.1-pyhd8ed1ab_1.conda#5016fd38e183e8f98141fee19449fae9
